
Microsoft Visual Studio Solution File, Format Version 12.00
# Visual Studio Version 16
VisualStudioVersion = 16.0.31402.337
MinimumVisualStudioVersion = 10.0.40219.1
Project("{FAE04EC0-301F-11D3-BF4B-00C04F79EFBC}") = "SeleniumTestWithCore", "SeleniumTestWithCore\SeleniumTestWithCore.csproj", "{AB1C71B3-4859-465E-837A-BE86DCBEA115}"
EndProject
Global
	GlobalSection(SolutionConfigurationPlatforms) = preSolution
		Debug|Any CPU = Debug|Any CPU
		Release|Any CPU = Release|Any CPU
	EndGlobalSection
	GlobalSection(ProjectConfigurationPlatforms) = postSolution
		{AB1C71B3-4859-465E-837A-BE86DCBEA115}.Debug|Any CPU.ActiveCfg = Debug|Any CPU
		{AB1C71B3-4859-465E-837A-BE86DCBEA115}.Debug|Any CPU.Build.0 = Debug|Any CPU
		{AB1C71B3-4859-465E-837A-BE86DCBEA115}.Release|Any CPU.ActiveCfg = Release|Any CPU
		{AB1C71B3-4859-465E-837A-BE86DCBEA115}.Release|Any CPU.Build.0 = Release|Any CPU
	EndGlobalSection
	GlobalSection(SolutionProperties) = preSolution
		HideSolutionNode = FALSE
	EndGlobalSection
	GlobalSection(ExtensibilityGlobals) = postSolution
		SolutionGuid = {FED2BE28-A280-4A3C-91AF-4CE4C85B5352}
	EndGlobalSection
EndGlobal
